
Microsoft Visual Studio Solution File, Format Version 12.00
# Visual Studio Version 16
VisualStudioVersion = 16.0.29613.14
MinimumVisualStudioVersion = 10.0.40219.1
Project("{FAE04EC0-301F-11D3-BF4B-00C04F79EFBC}") = "License", "License\License.csproj", "{FD7E3CA1-9CC5-4C07-BF31-30F77B400C37}"
EndProject
Global
	GlobalSection(SolutionConfigurationPlatforms) = preSolution
		Debug|Any CPU = Debug|Any CPU
		Release|Any CPU = Release|Any CPU
	EndGlobalSection
	GlobalSection(ProjectConfigurationPlatforms) = postSolution
		{FD7E3CA1-9CC5-4C07-BF31-30F77B400C37}.Debug|Any CPU.ActiveCfg = Debug|Any CPU
		{FD7E3CA1-9CC5-4C07-BF31-30F77B400C37}.Debug|Any CPU.Build.0 = Debug|Any CPU
		{FD7E3CA1-9CC5-4C07-BF31-30F77B400C37}.Release|Any CPU.ActiveCfg = Release|Any CPU
		{FD7E3CA1-9CC5-4C07-BF31-30F77B400C37}.Release|Any CPU.Build.0 = Release|Any CPU
	EndGlobalSection
	GlobalSection(SolutionProperties) = preSolution
		HideSolutionNode = FALSE
	EndGlobalSection
	GlobalSection(ExtensibilityGlobals) = postSolution
		SolutionGuid = {BBF1BA68-3452-46B1-A0A5-6BD8ADA9AFA6}
	EndGlobalSection
EndGlobal
